hash: 0bdcb23ccc07f325d13994894ed349e2796c9a4488c1d07b6ee689cfe4b1cded
updated: 2017-02-07T14:17:15.496640003+01:00
imports:
- name: github.com/hashicorp/errwrap
  version: 7554cd9344cec97297fa6649b055a8c98c2a1e55
- name: github.com/hashicorp/go-multierror
  version: ed905158d87462226a13fe39ddf685ea65f1c11f
- name: github.com/kildevaeld/exec
  version: d5d7ef312350b3caf86f07c3abaf730219d9d2ef
  subpackages:
  - interpreters/notto
- name: github.com/kildevaeld/go-ascii
  version: b201bb65ac498f9f7ad3df4553e556cddbe76dea
  subpackages:
  - Godeps/_workspace/src/github.com/pkg/term
  - Godeps/_workspace/src/github.com/pkg/term/termios
  - Godeps/_workspace/src/golang.org/x/crypto/ssh/terminal
- name: github.com/kildevaeld/go-system
  version: bb4150ace92c865c3b393892a6b1918f3dad3b2e
- name: github.com/kildevaeld/go-widgets
  version: ac6ef7e1554bae94b5c903a6524757bd49a4166f
- name: github.com/kildevaeld/notto
  version: 6962b3321f6717a6232e1503dc829c3b7fc75add
  subpackages:
  - loop
  - modules
  - modules/crypto
  - modules/events
  - modules/fetch
  - modules/fs
  - modules/fsm
  - modules/global
  - modules/process
  - modules/promise
  - modules/shell
  - modules/timers
  - modules/ui
  - modules/util
- name: github.com/kildevaeld/prompt
  version: 75b6978ccd62d795b80333a53ad4de0925754399
  subpackages:
  - form
  - terminal
- name: github.com/mitchellh/mapstructure
  version: 281073eb9eb092240d33ef253c404f1cca550309
- name: github.com/oleiade/reflections
  version: 0e86b3c98b2ff33e30c85cfe97d9a63d439fe7eb
- name: github.com/pborman/uuid
  version: a97ce2ca70fa5a848076093f05e639a89ca34d06
- name: github.com/pkg/term
  version: fed4d9ece00ede8d657a7c46ec968bd35f307b77
  subpackages:
  - termios
- name: github.com/robertkrimen/otto
  version: 6a77b7cbc37d0c39f7d5fa5766826e541df31fd5
  subpackages:
  - ast
  - dbg
  - file
  - parser
  - registry
  - token
- name: github.com/robfig/cron
  version: b024fc5ea0e34bc3f83d9941c8d60b0622bfaca4
- name: github.com/Sirupsen/logrus
  version: c078b1e43f58d563c74cebe63c85789e76ddb627
- name: github.com/spf13/pflag
  version: 9ff6c6923cfffbcd502984b8e0c80539a94968b7
- name: github.com/tj/go-spin
  version: 4bd47d3603b5c0460028794fbbf207f881088c08
- name: golang.org/x/crypto
  version: 81bf7719a6b7ce9b665598222362b50122dfc13b
  subpackages:
  - ssh/terminal
- name: golang.org/x/sys
  version: 7a6e5648d140666db5d920909e082ca00a87ba2c
  subpackages:
  - unix
- name: gopkg.in/sourcemap.v1
  version: eef8f47ab679652a7d3a4ee34c34314d255d2536
  subpackages:
  - base64vlq
- name: gopkg.in/yaml.v2
  version: 4c78c975fe7c825c6d1466c42be594d1d6f3aba6
testImports: []
